// !$*UTF8*$!
{
	archiveVersion = 1;
	classes = {
	};
	objectVersion = 50;
	objects = {

/* Begin PBXBuildFile section */
		552BB783E23BE5BD47FBC287 /* Pods_Todo.framework in Frameworks */ = {isa = PBXBuildFile; fileRef = 54C19502BA99AC223FBAD607 /* Pods_Todo.framework */; };
		7118233F20CDDBE50046DCCD /* AppDelegate.swift in Sources */ = {isa = PBXBuildFile; fileRef = 7118233E20CDDBE50046DCCD /* AppDelegate.swift */; };
		7118234120CDDBE50046DCCD /* TodoListViewController.swift in Sources */ = {isa = PBXBuildFile; fileRef = 7118234020CDDBE50046DCCD /* TodoListViewController.swift */; };
		7118234420CDDBE50046DCCD /* Main.storyboard in Resources */ = {isa = PBXBuildFile; fileRef = 7118234220CDDBE50046DCCD /* Main.storyboard */; };
		7118234620CDDBE70046DCCD /* Assets.xcassets in Resources */ = {isa = PBXBuildFile; fileRef = 7118234520CDDBE70046DCCD /* Assets.xcassets */; };
		7118234920CDDBE70046DCCD /* LaunchScreen.storyboard in Resources */ = {isa = PBXBuildFile; fileRef = 7118234720CDDBE70046DCCD /* LaunchScreen.storyboard */; };
		71673A4D216187F00083A91B /* Item.swift in Sources */ = {isa = PBXBuildFile; fileRef = 71673A4C216187F00083A91B /* Item.swift */; };
		71673A4F216187FD0083A91B /* Category.swift in Sources */ = {isa = PBXBuildFile; fileRef = 71673A4E216187FD0083A91B /* Category.swift */; };
		717F168D212EE4330031FD77 /* CategoryViewController.swift in Sources */ = {isa = PBXBuildFile; fileRef = 717F168C212EE4330031FD77 /* CategoryViewController.swift */; };
		E935137D21792CE1009D083A /* SwipeTableViewController.swift in Sources */ = {isa = PBXBuildFile; fileRef = E935137C21792CE1009D083A /* SwipeTableViewController.swift */; };
		E93C82AC217F91F700E0183E /* LottieViewController.swift in Sources */ = {isa = PBXBuildFile; fileRef = E93C82AB217F91F700E0183E /* LottieViewController.swift */; };
		E93C82AE217F9B2F00E0183E /* material_loading.json in Resources */ = {isa = PBXBuildFile; fileRef = E93C82AD217F9B2F00E0183E /* material_loading.json */; };
/* End PBXBuildFile section */

/* Begin PBXFileReference section */
		54C19502BA99AC223FBAD607 /* Pods_Todo.framework */ = {isa = PBXFileReference; explicitFileType = wrapper.framework; includeInIndex = 0; path = Pods_Todo.framework; sourceTree = BUILT_PRODUCTS_DIR; };
		7118233B20CDDBE50046DCCD /* Todo.app */ = {isa = PBXFileReference; explicitFileType = wrapper.application; includeInIndex = 0; path = Todo.app; sourceTree = BUILT_PRODUCTS_DIR; };
		7118233E20CDDBE50046DCCD /* AppDelegate.swift */ = {isa = PBXFileReference; lastKnownFileType = sourcecode.swift; path = AppDelegate.swift; sourceTree = "<group>"; };
		7118234020CDDBE50046DCCD /* TodoListViewController.swift */ = {isa = PBXFileReference; lastKnownFileType = sourcecode.swift; path = TodoListViewController.swift; sourceTree = "<group>"; };
		7118234320CDDBE50046DCCD /* Base */ = {isa = PBXFileReference; lastKnownFileType = file.storyboard; name = Base; path = Base.lproj/Main.storyboard; sourceTree = "<group>"; };
		7118234520CDDBE70046DCCD /* Assets.xcassets */ = {isa = PBXFileReference; lastKnownFileType = folder.assetcatalog; path = Assets.xcassets; sourceTree = "<group>"; };
		7118234820CDDBE70046DCCD /* Base */ = {isa = PBXFileReference; lastKnownFileType = file.storyboard; name = Base; path = Base.lproj/LaunchScreen.storyboard; sourceTree = "<group>"; };
		7118234A20CDDBE70046DCCD /* Info.plist */ = {isa = PBXFileReference; lastKnownFileType = text.plist.xml; path = Info.plist; sourceTree = "<group>"; };
		71673A4C216187F00083A91B /* Item.swift */ = {isa = PBXFileReference; lastKnownFileType = sourcecode.swift; path = Item.swift; sourceTree = "<group>"; };
		71673A4E216187FD0083A91B /* Category.swift */ = {isa = PBXFileReference; lastKnownFileType = sourcecode.swift; path = Category.swift; sourceTree = "<group>"; };
		717F168C212EE4330031FD77 /* CategoryViewController.swift */ = {isa = PBXFileReference; lastKnownFileType = sourcecode.swift; path = CategoryViewController.swift; sourceTree = "<group>"; };
		C64B6CE1AB76EC712161F759 /* Pods-Todo.debug.xcconfig */ = {isa = PBXFileReference; includeInIndex = 1; lastKnownFileType = text.xcconfig; name = "Pods-Todo.debug.xcconfig"; path = "Pods/Target Support Files/Pods-Todo/Pods-Todo.debug.xcconfig"; sourceTree = "<group>"; };
		E815686DE455D1443A85832C /* Pods-Todo.release.xcconfig */ = {isa = PBXFileReference; includeInIndex = 1; lastKnownFileType = text.xcconfig; name = "Pods-Todo.release.xcconfig"; path = "Pods/Target Support Files/Pods-Todo/Pods-Todo.release.xcconfig"; sourceTree = "<group>"; };
		E935137C21792CE1009D083A /* SwipeTableViewController.swift */ = {isa = PBXFileReference; lastKnownFileType = sourcecode.swift; path = SwipeTableViewController.swift; sourceTree = "<group>"; };
		E93C82AB217F91F700E0183E /* LottieViewController.swift */ = {isa = PBXFileReference; lastKnownFileType = sourcecode.swift; path = LottieViewController.swift; sourceTree = "<group>"; };
		E93C82AD217F9B2F00E0183E /* material_loading.json */ = {isa = PBXFileReference; fileEncoding = 4; lastKnownFileType = text.json; name = material_loading.json; path = ../../../../../../../Downloads/material_loading.json; sourceTree = "<group>"; };
/* End PBXFileReference section */

/* Begin PBXFrameworksBuildPhase section */
		7118233820CDDBE50046DCCD /* Frameworks */ = {
			isa = PBXFrameworksBuildPhase;
			buildActionMask = 2147483647;
			files = (
				552BB783E23BE5BD47FBC287 /* Pods_Todo.framework in Frameworks */,
			);
			runOnlyForDeploymentPostprocessing = 0;
		};
/* End PBXFrameworksBuildPhase section */

/* Begin PBXGroup section */
		7118233220CDDBE50046DCCD = {
			isa = PBXGroup;
			children = (
				7118233D20CDDBE50046DCCD /* Todo */,
				7118233C20CDDBE50046DCCD /* Products */,
				F71C15FEDB231D547F925665 /* Pods */,
				7D945FA488A773AACDD3CE46 /* Frameworks */,
			);
			sourceTree = "<group>";
		};
		7118233C20CDDBE50046DCCD /* Products */ = {
			isa = PBXGroup;
			children = (
				7118233B20CDDBE50046DCCD /* Todo.app */,
			);
			name = Products;
			sourceTree = "<group>";
		};
		7118233D20CDDBE50046DCCD /* Todo */ = {
			isa = PBXGroup;
			children = (
				7118233E20CDDBE50046DCCD /* AppDelegate.swift */,
				7118235520CEC0390046DCCD /* Controllers */,
				7118235220CEC01A0046DCCD /* Data Model */,
				7118235320CEC02A0046DCCD /* View */,
				7118235620CEC0680046DCCD /* Supporting Files */,
				7118234A20CDDBE70046DCCD /* Info.plist */,
			);
			path = Todo;
			sourceTree = "<group>";
		};
		7118235220CEC01A0046DCCD /* Data Model */ = {
			isa = PBXGroup;
			children = (
				71673A4C216187F00083A91B /* Item.swift */,
				71673A4E216187FD0083A91B /* Category.swift */,
			);
			name = "Data Model";
			path = "Data Modeò";
			sourceTree = "<group>";
		};
		7118235320CEC02A0046DCCD /* View */ = {
			isa = PBXGroup;
			children = (
				7118234220CDDBE50046DCCD /* Main.storyboard */,
			);
			path = View;
			sourceTree = "<group>";
		};
		7118235520CEC0390046DCCD /* Controllers */ = {
			isa = PBXGroup;
			children = (
				717F168C212EE4330031FD77 /* CategoryViewController.swift */,
				7118234020CDDBE50046DCCD /* TodoListViewController.swift */,
				E935137C21792CE1009D083A /* SwipeTableViewController.swift */,
				E93C82AB217F91F700E0183E /* LottieViewController.swift */,
			);
			path = Controllers;
			sourceTree = "<group>";
		};
		7118235620CEC0680046DCCD /* Supporting Files */ = {
			isa = PBXGroup;
			children = (
				E93C82AD217F9B2F00E0183E /* material_loading.json */,
				7118234520CDDBE70046DCCD /* Assets.xcassets */,
				7118234720CDDBE70046DCCD /* LaunchScreen.storyboard */,
			);
			path = "Supporting Files";
			sourceTree = "<group>";
		};
		7D945FA488A773AACDD3CE46 /* Frameworks */ = {
			isa = PBXGroup;
			children = (
				54C19502BA99AC223FBAD607 /* Pods_Todo.framework */,
			);
			name = Frameworks;
			sourceTree = "<group>";
		};
		F71C15FEDB231D547F925665 /* Pods */ = {
			isa = PBXGroup;
			children = (
				C64B6CE1AB76EC712161F759 /* Pods-Todo.debug.xcconfig */,
				E815686DE455D1443A85832C /* Pods-Todo.release.xcconfig */,
			);
			name = Pods;
			sourceTree = "<group>";
		};
/* End PBXGroup section */

/* Begin PBXNativeTarget section */
		7118233A20CDDBE50046DCCD /* Todo */ = {
			isa = PBXNativeTarget;
			buildConfigurationList = 7118234D20CDDBE70046DCCD /* Build configuration list for PBXNativeTarget "Todo" */;
			buildPhases = (
				55B08265D2EC5A417F62E6B8 /* [CP] Check Pods Manifest.lock */,
				7118233720CDDBE50046DCCD /* Sources */,
				7118233820CDDBE50046DCCD /* Frameworks */,
				7118233920CDDBE50046DCCD /* Resources */,
				DAE6D86DBB5AAAD4E590604F /* [CP] Embed Pods Frameworks */,
			);
			buildRules = (
			);
			dependencies = (
			);
			name = Todo;
			productName = Todo;
			productReference = 7118233B20CDDBE50046DCCD /* Todo.app */;
			productType = "com.apple.product-type.application";
		};
/* End PBXNativeTarget section */

/* Begin PBXProject section */
		7118233320CDDBE50046DCCD /* Project object */ = {
			isa = PBXProject;
			attributes = {
				LastSwiftUpdateCheck = 0940;
				LastUpgradeCheck = 0940;
				ORGANIZATIONNAME = "Alessandro Fan";
				TargetAttributes = {
					7118233A20CDDBE50046DCCD = {
						CreatedOnToolsVersion = 9.4;
						LastSwiftMigration = 1000;
					};
				};
			};
			buildConfigurationList = 7118233620CDDBE50046DCCD /* Build configuration list for PBXProject "Todo" */;
			compatibilityVersion = "Xcode 9.3";
			developmentRegion = en;
			hasScannedForEncodings = 0;
			knownRegions = (
				en,
				Base,
			);
			mainGroup = 7118233220CDDBE50046DCCD;
			productRefGroup = 7118233C20CDDBE50046DCCD /* Products */;
			projectDirPath = "";
			projectRoot = "";
			targets = (
				7118233A20CDDBE50046DCCD /* Todo */,
			);
		};
/* End PBXProject section */

/* Begin PBXResourcesBuildPhase section */
		7118233920CDDBE50046DCCD /* Resources */ = {
			isa = PBXResourcesBuildPhase;
			buildActionMask = 2147483647;
			files = (
				7118234920CDDBE70046DCCD /* LaunchScreen.storyboard in Resources */,
				E93C82AE217F9B2F00E0183E /* material_loading.json in Resources */,
				7118234620CDDBE70046DCCD /* Assets.xcassets in Resources */,
				7118234420CDDBE50046DCCD /* Main.storyboard in Resources */,
			);
			runOnlyForDeploymentPostprocessing = 0;
		};
/* End PBXResourcesBuildPhase section */

/* Begin PBXShellScriptBuildPhase section */
		55B08265D2EC5A417F62E6B8 /* [CP] Check Pods Manifest.lock */ = {
			isa = PBXShellScriptBuildPhase;
			buildActionMask = 2147483647;
			files = (
			);
			inputPaths = (
				"${PODS_PODFILE_DIR_PATH}/Podfile.lock",
				"${PODS_ROOT}/Manifest.lock",
			);
			name = "[CP] Check Pods Manifest.lock";
			outputPaths = (
				"$(DERIVED_FILE_DIR)/Pods-Todo-checkManifestLockResult.txt",
			);
			runOnlyForDeploymentPostprocessing = 0;
			shellPath = /bin/sh;
			shellScript = "diff \"${PODS_PODFILE_DIR_PATH}/Podfile.lock\" \"${PODS_ROOT}/Manifest.lock\" > /dev/null\nif [ $? != 0 ] ; then\n    # print error to STDERR\n    echo \"error: The sandbox is not in sync with the Podfile.lock. Run 'pod install' or update your CocoaPods installation.\" >&2\n    exit 1\nfi\n# This output is used by Xcode 'outputs' to avoid re-running this script phase.\necho \"SUCCESS\" > \"${SCRIPT_OUTPUT_FILE_0}\"\n";
			showEnvVarsInLog = 0;
		};
		DAE6D86DBB5AAAD4E590604F /* [CP] Embed Pods Frameworks */ = {
			isa = PBXShellScriptBuildPhase;
			buildActionMask = 2147483647;
			files = (
			);
			inputPaths = (
				"${SRCROOT}/Pods/Target Support Files/Pods-Todo/Pods-Todo-frameworks.sh",
				"${BUILT_PRODUCTS_DIR}/ChameleonFramework/ChameleonFramework.framework",
				"${BUILT_PRODUCTS_DIR}/Realm/Realm.framework",
				"${BUILT_PRODUCTS_DIR}/RealmSwift/RealmSwift.framework",
				"${BUILT_PRODUCTS_DIR}/SwipeCellKit/SwipeCellKit.framework",
				"${BUILT_PRODUCTS_DIR}/lottie-ios/Lottie.framework",
			);
			name = "[CP] Embed Pods Frameworks";
			outputPaths = (
				"${TARGET_BUILD_DIR}/${FRAMEWORKS_FOLDER_PATH}/ChameleonFramework.framework",
				"${TARGET_BUILD_DIR}/${FRAMEWORKS_FOLDER_PATH}/Realm.framework",
				"${TARGET_BUILD_DIR}/${FRAMEWORKS_FOLDER_PATH}/RealmSwift.framework",
				"${TARGET_BUILD_DIR}/${FRAMEWORKS_FOLDER_PATH}/SwipeCellKit.framework",
				"${TARGET_BUILD_DIR}/${FRAMEWORKS_FOLDER_PATH}/Lottie.framework",
			);
			runOnlyForDeploymentPostprocessing = 0;
			shellPath = /bin/sh;
			shellScript = "\"${SRCROOT}/Pods/Target Support Files/Pods-Todo/Pods-Todo-frameworks.sh\"\n";
			showEnvVarsInLog = 0;
		};
/* End PBXShellScriptBuildPhase section */

/* Begin PBXSourcesBuildPhase section */
		7118233720CDDBE50046DCCD /* Sources */ = {
			isa = PBXSourcesBuildPhase;
			buildActionMask = 2147483647;
			files = (
				717F168D212EE4330031FD77 /* CategoryViewController.swift in Sources */,
				7118234120CDDBE50046DCCD /* TodoListViewController.swift in Sources */,
				71673A4D216187F00083A91B /* Item.swift in Sources */,
				E93C82AC217F91F700E0183E /* LottieViewController.swift in Sources */,
				7118233F20CDDBE50046DCCD /* AppDelegate.swift in Sources */,
				E935137D21792CE1009D083A /* SwipeTableViewController.swift in Sources */,
				71673A4F216187FD0083A91B /* Category.swift in Sources */,
			);
			runOnlyForDeploymentPostprocessing = 0;
		};
/* End PBXSourcesBuildPhase section */

/* Begin PBXVariantGroup section */
		7118234220CDDBE50046DCCD /* Main.storyboard */ = {
			isa = PBXVariantGroup;
			children = (
				7118234320CDDBE50046DCCD /* Base */,
			);
			name = Main.storyboard;
			sourceTree = "<group>";
		};
		7118234720CDDBE70046DCCD /* LaunchScreen.storyboard */ = {
			isa = PBXVariantGroup;
			children = (
				7118234820CDDBE70046DCCD /* Base */,
			);
			name = LaunchScreen.storyboard;
			sourceTree = "<group>";
		};
/* End PBXVariantGroup section */

/* Begin XCBuildConfiguration section */
		7118234B20CDDBE70046DCCD /* Debug */ = {
			isa = XCBuildConfiguration;
			buildSettings = {
				ALWAYS_SEARCH_USER_PATHS = NO;
				CLANG_ANALYZER_NONNULL = YES;
				CLANG_ANALYZER_NUMBER_OBJECT_CONVERSION = YES_AGGRESSIVE;
				CLANG_CXX_LANGUAGE_STANDARD = "gnu++14";
				CLANG_CXX_LIBRARY = "libc++";
				CLANG_ENABLE_MODULES = YES;
				CLANG_ENABLE_OBJC_ARC = YES;
				CLANG_ENABLE_OBJC_WEAK = YES;
				CLANG_WARN_BLOCK_CAPTURE_AUTORELEASING = YES;
				CLANG_WARN_BOOL_CONVERSION = YES;
				CLANG_WARN_COMMA = YES;
				CLANG_WARN_CONSTANT_CONVERSION = YES;
				CLANG_WARN_DEPRECATED_OBJC_IMPLEMENTATIONS = YES;
				CLANG_WARN_DIRECT_OBJC_ISA_USAGE = YES_ERROR;
				CLANG_WARN_DOCUMENTATION_COMMENTS = YES;
				CLANG_WARN_EMPTY_BODY = YES;
				CLANG_WARN_ENUM_CONVERSION = YES;
				CLANG_WARN_INFINITE_RECURSION = YES;
				CLANG_WARN_INT_CONVERSION = YES;
				CLANG_WARN_NON_LITERAL_NULL_CONVERSION = YES;
				CLANG_WARN_OBJC_IMPLICIT_RETAIN_SELF = YES;
				CLANG_WARN_OBJC_LITERAL_CONVERSION = YES;
				CLANG_WARN_OBJC_ROOT_CLASS = YES_ERROR;
				CLANG_WARN_RANGE_LOOP_ANALYSIS = YES;
				CLANG_WARN_STRICT_PROTOTYPES = YES;
				CLANG_WARN_SUSPICIOUS_MOVE = YES;
				CLANG_WARN_UNGUARDED_AVAILABILITY = YES_AGGRESSIVE;
				CLANG_WARN_UNREACHABLE_CODE = YES;
				CLANG_WARN__DUPLICATE_METHOD_MATCH = YES;
				CODE_SIGN_IDENTITY = "iPhone Developer";
				COPY_PHASE_STRIP = NO;
				DEBUG_INFORMATION_FORMAT = dwarf;
				ENABLE_STRICT_OBJC_MSGSEND = YES;
				ENABLE_TESTABILITY = YES;
				GCC_C_LANGUAGE_STANDARD = gnu11;
				GCC_DYNAMIC_NO_PIC = NO;
				GCC_NO_COMMON_BLOCKS = YES;
				GCC_OPTIMIZATION_LEVEL = 0;
				GCC_PREPROCESSOR_DEFINITIONS = (
					"DEBUG=1",
					"$(inherited)",
				);
				GCC_WARN_64_TO_32_BIT_CONVERSION = YES;
				GCC_WARN_ABOUT_RETURN_TYPE = YES_ERROR;
				GCC_WARN_UNDECLARED_SELECTOR = YES;
				GCC_WARN_UNINITIALIZED_AUTOS = YES_AGGRESSIVE;
				GCC_WARN_UNUSED_FUNCTION = YES;
				GCC_WARN_UNUSED_VARIABLE = YES;
				IPHONEOS_DEPLOYMENT_TARGET = 11.4;
				MTL_ENABLE_DEBUG_INFO = YES;
				ONLY_ACTIVE_ARCH = YES;
				SDKROOT = iphoneos;
				SWIFT_ACTIVE_COMPILATION_CONDITIONS = DEBUG;
				SWIFT_OPTIMIZATION_LEVEL = "-Onone";
			};
			name = Debug;
		};
		7118234C20CDDBE70046DCCD /* Release */ = {
			isa = XCBuildConfiguration;
			buildSettings = {
				ALWAYS_SEARCH_USER_PATHS = NO;
				CLANG_ANALYZER_NONNULL = YES;
				CLANG_ANALYZER_NUMBER_OBJECT_CONVERSION = YES_AGGRESSIVE;
				CLANG_CXX_LANGUAGE_STANDARD = "gnu++14";
				CLANG_CXX_LIBRARY = "libc++";
				CLANG_ENABLE_MODULES = YES;
				CLANG_ENABLE_OBJC_ARC = YES;
				CLANG_ENABLE_OBJC_WEAK = YES;
				CLANG_WARN_BLOCK_CAPTURE_AUTORELEASING = YES;
				CLANG_WARN_BOOL_CONVERSION = YES;
				CLANG_WARN_COMMA = YES;
				CLANG_WARN_CONSTANT_CONVERSION = YES;
				CLANG_WARN_DEPRECATED_OBJC_IMPLEMENTATIONS = YES;
				CLANG_WARN_DIRECT_OBJC_ISA_USAGE = YES_ERROR;
				CLANG_WARN_DOCUMENTATION_COMMENTS = YES;
				CLANG_WARN_EMPTY_BODY = YES;
				CLANG_WARN_ENUM_CONVERSION = YES;
				CLANG_WARN_INFINITE_RECURSION = YES;
				CLANG_WARN_INT_CONVERSION = YES;
				CLANG_WARN_NON_LITERAL_NULL_CONVERSION = YES;
				CLANG_WARN_OBJC_IMPLICIT_RETAIN_SELF = YES;
				CLANG_WARN_OBJC_LITERAL_CONVERSION = YES;
				CLANG_WARN_OBJC_ROOT_CLASS = YES_ERROR;
				CLANG_WARN_RANGE_LOOP_ANALYSIS = YES;
				CLANG_WARN_STRICT_PROTOTYPES = YES;
				CLANG_WARN_SUSPICIOUS_MOVE = YES;
				CLANG_WARN_UNGUARDED_AVAILABILITY = YES_AGGRESSIVE;
				CLANG_WARN_UNREACHABLE_CODE = YES;
				CLANG_WARN__DUPLICATE_METHOD_MATCH = YES;
				CODE_SIGN_IDENTITY = "iPhone Developer";
				COPY_PHASE_STRIP = NO;
				DEBUG_INFORMATION_FORMAT = "dwarf-with-dsym";
				ENABLE_NS_ASSERTIONS = NO;
				ENABLE_STRICT_OBJC_MSGSEND = YES;
				GCC_C_LANGUAGE_STANDARD = gnu11;
				GCC_NO_COMMON_BLOCKS = YES;
				GCC_WARN_64_TO_32_BIT_CONVERSION = YES;
				GCC_WARN_ABOUT_RETURN_TYPE = YES_ERROR;
				GCC_WARN_UNDECLARED_SELECTOR = YES;
				GCC_WARN_UNINITIALIZED_AUTOS = YES_AGGRESSIVE;
				GCC_WARN_UNUSED_FUNCTION = YES;
				GCC_WARN_UNUSED_VARIABLE = YES;
				IPHONEOS_DEPLOYMENT_TARGET = 11.4;
				MTL_ENABLE_DEBUG_INFO = NO;
				SDKROOT = iphoneos;
				SWIFT_COMPILATION_MODE = wholemodule;
				SWIFT_OPTIMIZATION_LEVEL = "-O";
				VALIDATE_PRODUCT = YES;
			};
			name = Release;
		};
		7118234E20CDDBE70046DCCD /* Debug */ = {
			isa = XCBuildConfiguration;
			baseConfigurationReference = C64B6CE1AB76EC712161F759 /* Pods-Todo.debug.xcconfig */;
			buildSettings = {
				ASSETCATALOG_COMPILER_APPICON_NAME = AppIcon;
				CODE_SIGN_STYLE = Automatic;
				DEVELOPMENT_TEAM = 3JWAQ92CB4;
				INFOPLIST_FILE = Todo/Info.plist;
				IPHONEOS_DEPLOYMENT_TARGET = 12.0;
				LD_RUNPATH_SEARCH_PATHS = (
					"$(inherited)",
					"@executable_path/Frameworks",
				);
				PRODUCT_BUNDLE_IDENTIFIER = com.AlessandroFan.Todo;
				PRODUCT_NAME = "$(TARGET_NAME)";
				SWIFT_VERSION = 4.2;
				TARGETED_DEVICE_FAMILY = 1;
			};
			name = Debug;
		};
		7118234F20CDDBE70046DCCD /* Release */ = {
			isa = XCBuildConfiguration;
			baseConfigurationReference = E815686DE455D1443A85832C /* Pods-Todo.release.xcconfig */;
			buildSettings = {
				ASSETCATALOG_COMPILER_APPICON_NAME = AppIcon;
				CODE_SIGN_STYLE = Automatic;
				DEVELOPMENT_TEAM = 3JWAQ92CB4;
				INFOPLIST_FILE = Todo/Info.plist;
				IPHONEOS_DEPLOYMENT_TARGET = 12.0;
				LD_RUNPATH_SEARCH_PATHS = (
					"$(inherited)",
					"@executable_path/Frameworks",
				);
				PRODUCT_BUNDLE_IDENTIFIER = com.AlessandroFan.Todo;
				PRODUCT_NAME = "$(TARGET_NAME)";
				SWIFT_VERSION = 4.2;
				TARGETED_DEVICE_FAMILY = 1;
			};
			name = Release;
		};
/* End XCBuildConfiguration section */

/* Begin XCConfigurationList section */
		7118233620CDDBE50046DCCD /* Build configuration list for PBXProject "Todo" */ = {
			isa = XCConfigurationList;
			buildConfigurations = (
				7118234B20CDDBE70046DCCD /* Debug */,
				7118234C20CDDBE70046DCCD /* Release */,
			);
			defaultConfigurationIsVisible = 0;
			defaultConfigurationName = Release;
		};
		7118234D20CDDBE70046DCCD /* Build configuration list for PBXNativeTarget "Todo" */ = {
			isa = XCConfigurationList;
			buildConfigurations = (
				7118234E20CDDBE70046DCCD /* Debug */,
				7118234F20CDDBE70046DCCD /* Release */,
			);
			defaultConfigurationIsVisible = 0;
			defaultConfigurationName = Release;
		};
/* End XCConfigurationList section */
	};
	rootObject = 7118233320CDDBE50046DCCD /* Project object */;
}
